
Microsoft Visual Studio Solution File, Format Version 12.00
# Visual Studio Version 17
VisualStudioVersion = 17.0.31919.166
MinimumVisualStudioVersion = 10.0.40219.1
Project("{FAE04EC0-301F-11D3-BF4B-00C04F79EFBC}") = "WebApiPayment", "WebApiPayment.csproj", "{688E74E9-6F36-4DF9-B9D1-23C8E8DD5FA7}"
EndProject
Global
	GlobalSection(SolutionConfigurationPlatforms) = preSolution
		Debug|Any CPU = Debug|Any CPU
		Release|Any CPU = Release|Any CPU
	EndGlobalSection
	GlobalSection(ProjectConfigurationPlatforms) = postSolution
		{688E74E9-6F36-4DF9-B9D1-23C8E8DD5FA7}.Debug|Any CPU.ActiveCfg = Debug|Any CPU
		{688E74E9-6F36-4DF9-B9D1-23C8E8DD5FA7}.Debug|Any CPU.Build.0 = Debug|Any CPU
		{688E74E9-6F36-4DF9-B9D1-23C8E8DD5FA7}.Release|Any CPU.ActiveCfg = Release|Any CPU
		{688E74E9-6F36-4DF9-B9D1-23C8E8DD5FA7}.Release|Any CPU.Build.0 = Release|Any CPU
	EndGlobalSection
	GlobalSection(SolutionProperties) = preSolution
		HideSolutionNode = FALSE
	EndGlobalSection
	GlobalSection(ExtensibilityGlobals) = postSolution
		SolutionGuid = {311883D0-47C2-457A-9873-430095670627}
	EndGlobalSection
EndGlobal
